
Microsoft Visual Studio Solution File, Format Version 12.00
# Visual Studio Version 17
VisualStudioVersion = 17.8.34330.188
MinimumVisualStudioVersion = 10.0.40219.1
Project("{FAE04EC0-301F-11D3-BF4B-00C04F79EFBC}") = "SampleApp", "SampleApp\SampleApp.csproj", "{26A652A3-90E9-4B66-93D7-E2D54A754C8C}"
EndProject
Global
	GlobalSection(SolutionConfigurationPlatforms) = preSolution
		Debug|Any CPU = Debug|Any CPU
		Release|Any CPU = Release|Any CPU
	EndGlobalSection
	GlobalSection(ProjectConfigurationPlatforms) = postSolution
		{26A652A3-90E9-4B66-93D7-E2D54A754C8C}.Debug|Any CPU.ActiveCfg = Debug|Any CPU
		{26A652A3-90E9-4B66-93D7-E2D54A754C8C}.Debug|Any CPU.Build.0 = Debug|Any CPU
		{26A652A3-90E9-4B66-93D7-E2D54A754C8C}.Release|Any CPU.ActiveCfg = Release|Any CPU
		{26A652A3-90E9-4B66-93D7-E2D54A754C8C}.Release|Any CPU.Build.0 = Release|Any CPU
	EndGlobalSection
	GlobalSection(SolutionProperties) = preSolution
		HideSolutionNode = FALSE
	EndGlobalSection
	GlobalSection(ExtensibilityGlobals) = postSolution
		SolutionGuid = {81653B84-377D-445B-B1BA-1C66F90C7E24}
	EndGlobalSection
EndGlobal
